
Microsoft Visual Studio Solution File, Format Version 12.00
# Visual Studio 14
VisualStudioVersion = 14.0.24720.0
MinimumVisualStudioVersion = 10.0.40219.1
Project("{159641D6-6404-4A2A-AE62-294DE0FE8301}") = "LyndaLabStart", "LyndaLab\LyndaLabStart.dtproj", "{575C5AB6-853A-4AF2-AD21-B71053417F62}"
EndProject
Project("{159641D6-6404-4A2A-AE62-294DE0FE8301}") = "LyndaLabDataFlow", "LyndaLabDataFlow\LyndaLabDataFlow.dtproj", "{F348BD70-BAD4-4B76-AC67-DED3415B6CEF}"
EndProject
Project("{159641D6-6404-4A2A-AE62-294DE0FE8301}") = "LyndaVariables", "LyndaVariables\LyndaVariables.dtproj", "{C001C092-F63E-4923-B218-D27D4CBEDCD7}"
EndProject
Project("{159641D6-6404-4A2A-AE62-294DE0FE8301}") = "LyndaJoins", "LyndaJoins\LyndaJoins.dtproj", "{8DA1A9D2-8F32-4050-B7FC-41F5F9DC5C87}"
EndProject
Project("{159641D6-6404-4A2A-AE62-294DE0FE8301}") = "LyndaDebugging", "LyndaDebugging\LyndaDebugging.dtproj", "{C7A88553-E671-4BBA-8D57-AE1586188F6B}"
EndProject
Project("{159641D6-6404-4A2A-AE62-294DE0FE8301}") = "LyndaXML", "LyndaXML\LyndaXML.dtproj", "{6FF55A71-3FE8-49E4-B513-CC9757A84455}"
EndProject
Project("{159641D6-6404-4A2A-AE62-294DE0FE8301}") = "LyndaDataWarehouse", "LyndaDataWarehouse\LyndaDataWarehouse.dtproj", "{4C20644D-13A0-46A1-A178-76E78C561975}"
EndProject
Project("{D2ABAB84-BF74-430A-B69E-9DC6D40DDA17}") = "LyndaDWHCube", "LyndaDWHCube\LyndaDWHCube.dwproj", "{D4DCF29B-508F-4856-BD56-91D6CACDAF17}"
EndProject
Project("{159641D6-6404-4A2A-AE62-294DE0FE8301}") = "SSISGenericTesting", "SSISGenericTesting\SSISGenericTesting.dtproj", "{4014B8D9-F08D-4374-BA9E-B04C1A5E74EF}"
EndProject
Global
	GlobalSection(SolutionConfigurationPlatforms) = preSolution
		Development|Default = Development|Default
	EndGlobalSection
	GlobalSection(ProjectConfigurationPlatforms) = postSolution
		{575C5AB6-853A-4AF2-AD21-B71053417F62}.Development|Default.ActiveCfg = Development
		{575C5AB6-853A-4AF2-AD21-B71053417F62}.Development|Default.Build.0 = Development
		{F348BD70-BAD4-4B76-AC67-DED3415B6CEF}.Development|Default.ActiveCfg = Development
		{F348BD70-BAD4-4B76-AC67-DED3415B6CEF}.Development|Default.Build.0 = Development
		{C001C092-F63E-4923-B218-D27D4CBEDCD7}.Development|Default.ActiveCfg = Development
		{C001C092-F63E-4923-B218-D27D4CBEDCD7}.Development|Default.Build.0 = Development
		{8DA1A9D2-8F32-4050-B7FC-41F5F9DC5C87}.Development|Default.ActiveCfg = Development
		{8DA1A9D2-8F32-4050-B7FC-41F5F9DC5C87}.Development|Default.Build.0 = Development
		{C7A88553-E671-4BBA-8D57-AE1586188F6B}.Development|Default.ActiveCfg = Development
		{C7A88553-E671-4BBA-8D57-AE1586188F6B}.Development|Default.Build.0 = Development
		{6FF55A71-3FE8-49E4-B513-CC9757A84455}.Development|Default.ActiveCfg = Development
		{6FF55A71-3FE8-49E4-B513-CC9757A84455}.Development|Default.Build.0 = Development
		{4C20644D-13A0-46A1-A178-76E78C561975}.Development|Default.ActiveCfg = Development
		{4C20644D-13A0-46A1-A178-76E78C561975}.Development|Default.Build.0 = Development
		{D4DCF29B-508F-4856-BD56-91D6CACDAF17}.Development|Default.ActiveCfg = Development
		{D4DCF29B-508F-4856-BD56-91D6CACDAF17}.Development|Default.Build.0 = Development
		{D4DCF29B-508F-4856-BD56-91D6CACDAF17}.Development|Default.Deploy.0 = Development
		{4014B8D9-F08D-4374-BA9E-B04C1A5E74EF}.Development|Default.ActiveCfg = Development
		{4014B8D9-F08D-4374-BA9E-B04C1A5E74EF}.Development|Default.Build.0 = Development
	EndGlobalSection
	GlobalSection(SolutionProperties) = preSolution
		HideSolutionNode = FALSE
	EndGlobalSection
EndGlobal
